
Microsoft Visual Studio Solution File, Format Version 12.00
# Visual Studio Version 16
VisualStudioVersion = 16.0.31005.135
MinimumVisualStudioVersion = 10.0.40219.1
Project("{9A19103F-16F7-4668-BE54-9A1E7A4F7556}") = "BattleshipGame", "BattleshipGame\BattleshipGame.csproj", "{AFD5770E-B658-40F7-9099-C9ED2173E646}"
EndProject
Project("{FAE04EC0-301F-11D3-BF4B-00C04F79EFBC}") = "BattleshipGameTests", "BattleshipGameTests\BattleshipGameTests.csproj", "{A50E2F12-5F8E-49E3-9BBB-485FF88D04EA}"
EndProject
Global
	GlobalSection(SolutionConfigurationPlatforms) = preSolution
		Debug|Any CPU = Debug|Any CPU
		Release|Any CPU = Release|Any CPU
	EndGlobalSection
	GlobalSection(ProjectConfigurationPlatforms) = postSolution
		{AFD5770E-B658-40F7-9099-C9ED2173E646}.Debug|Any CPU.ActiveCfg = Debug|Any CPU
		{AFD5770E-B658-40F7-9099-C9ED2173E646}.Debug|Any CPU.Build.0 = Debug|Any CPU
		{AFD5770E-B658-40F7-9099-C9ED2173E646}.Release|Any CPU.ActiveCfg = Release|Any CPU
		{AFD5770E-B658-40F7-9099-C9ED2173E646}.Release|Any CPU.Build.0 = Release|Any CPU
		{A50E2F12-5F8E-49E3-9BBB-485FF88D04EA}.Debug|Any CPU.ActiveCfg = Debug|Any CPU
		{A50E2F12-5F8E-49E3-9BBB-485FF88D04EA}.Debug|Any CPU.Build.0 = Debug|Any CPU
		{A50E2F12-5F8E-49E3-9BBB-485FF88D04EA}.Release|Any CPU.ActiveCfg = Release|Any CPU
		{A50E2F12-5F8E-49E3-9BBB-485FF88D04EA}.Release|Any CPU.Build.0 = Release|Any CPU
	EndGlobalSection
	GlobalSection(SolutionProperties) = preSolution
		HideSolutionNode = FALSE
	EndGlobalSection
	GlobalSection(ExtensibilityGlobals) = postSolution
		SolutionGuid = {A0F1C113-6CB6-4DE0-8B39-AA5D6777C730}
	EndGlobalSection
EndGlobal
